<?xml version="1.0" encoding="utf-8"?>
<Project ToolsVersion="4.0" xmlns="http://schemas.microsoft.com/developer/msbuild/2003">
  <ItemGroup>
    <Filter Include="リソース ファイル">
      <UniqueIdentifier>{67DA6AB6-F800-4c08-8B7A-83BB121AAD01}</UniqueIdentifier>
      <Extensions>rc;ico;cur;bmp;dlg;rc2;rct;bin;rgs;gif;jpg;jpeg;jpe;resx;tiff;tif;png;wav;mfcribbon-ms</Extensions>
    </Filter>
    <Filter Include="UlmaEngine">
      <UniqueIdentifier>{8a86facd-2d98-4b4b-9e90-75d341726d77}</UniqueIdentifier>
    </Filter>
    <Filter Include="UlmaEngine\Source">
      <UniqueIdentifier>{490e2caa-14f7-4b00-8921-48353f03fd3a}</UniqueIdentifier>
    </Filter>
    <Filter Include="UlmaEngine\Source\Math">
      <UniqueIdentifier>{d8b02766-3db1-438c-9fc8-1addca995400}</UniqueIdentifier>
    </Filter>
    <Filter Include="UlmaEngine\Source\Shader">
      <UniqueIdentifier>{66e26412-9d83-424d-9540-3939f7fdffb4}</UniqueIdentifier>
    </Filter>
    <Filter Include="UlmaEngine\Header">
      <UniqueIdentifier>{8bc826da-89dd-4756-bc70-9f749ff995d1}</UniqueIdentifier>
    </Filter>
    <Filter Include="UlmaEngine\Header\Math">
      <UniqueIdentifier>{bc0d0f2e-e005-427d-a6d0-d5e5e1855fa3}</UniqueIdentifier>
    </Filter>
    <Filter Include="SampleGame">
      <UniqueIdentifier>{d736018f-027a-4cb2-b1e1-cacd0c1a8a3c}</UniqueIdentifier>
    </Filter>
    <Filter Include="SampleGame\Source">
      <UniqueIdentifier>{6951a2ab-0b93-4012-84f9-6583868a2852}</UniqueIdentifier>
    </Filter>
    <Filter Include="SampleGame\Header">
      <UniqueIdentifier>{c39aeefb-c7d4-48d4-9a33-14394c24bb6a}</UniqueIdentifier>
    </Filter>
    <Filter Include="UlmaEngine\Source\Core">
      <UniqueIdentifier>{659194c1-3d93-465f-8652-41009d1fc963}</UniqueIdentifier>
    </Filter>
    <Filter Include="UlmaEngine\Source\SceneManagement">
      <UniqueIdentifier>{4b8dce04-5d27-4755-8d29-2c372c989a8a}</UniqueIdentifier>
    </Filter>
    <Filter Include="UlmaEngine\Header\Core">
      <UniqueIdentifier>{3298f5e7-af29-446c-82c2-cb9e0e3c8a69}</UniqueIdentifier>
    </Filter>
    <Filter Include="UlmaEngine\Header\InputSystem">
      <UniqueIdentifier>{be51d7d2-1b27-4adc-8935-5f05440c9245}</UniqueIdentifier>
    </Filter>
    <Filter Include="UlmaEngine\Source\InputSystem">
      <UniqueIdentifier>{de8353a7-2d6d-4c4c-a569-5176de9b3c11}</UniqueIdentifier>
    </Filter>
    <Filter Include="SampleGame\Header\Scene">
      <UniqueIdentifier>{bfccbd17-2573-440a-804e-16b9673d9411}</UniqueIdentifier>
    </Filter>
    <Filter Include="SampleGame\Source\Scene">
      <UniqueIdentifier>{cc64a389-ed31-4128-b935-4b6e2eba3e79}</UniqueIdentifier>
    </Filter>
    <Filter Include="UlmaEngine\Header\SceneManagement">
      <UniqueIdentifier>{9da47c53-688c-4133-b2f4-8645d2443117}</UniqueIdentifier>
    </Filter>
  </ItemGroup>
  <ItemGroup>
    <ClCompile Include="ApplicationCore.cpp">
      <Filter>UlmaEngine\Source\Core</Filter>
    </ClCompile>
    <ClCompile Include="SceneManager.cpp">
      <Filter>UlmaEngine\Source\SceneManagement</Filter>
    </ClCompile>
    <ClCompile Include="WindowOpenGL.cpp">
      <Filter>UlmaEngine\Source\Core</Filter>
    </ClCompile>
    <ClCompile Include="Scene.cpp">
      <Filter>UlmaEngine\Source\SceneManagement</Filter>
    </ClCompile>
    <ClCompile Include="ShaderLoaderOpenGL.cpp">
      <Filter>UlmaEngine\Source\Core</Filter>
    </ClCompile>
    <ClCompile Include="Matrix.cpp">
      <Filter>UlmaEngine\Source\Math</Filter>
    </ClCompile>
    <ClCompile Include="Texture.cpp">
      <Filter>UlmaEngine\Source\Core</Filter>
    </ClCompile>
    <ClCompile Include="FileLoader.cpp">
      <Filter>UlmaEngine\Source\Core</Filter>
    </ClCompile>
    <ClCompile Include="TextureProvider.cpp">
      <Filter>UlmaEngine\Source\Core</Filter>
    </ClCompile>
    <ClCompile Include="Vector.cpp">
      <Filter>UlmaEngine\Source\Math</Filter>
    </ClCompile>
    <ClCompile Include="main.cpp">
      <Filter>UlmaEngine\Source</Filter>
    </ClCompile>
    <ClCompile Include="Player.cpp">
      <Filter>SampleGame\Source</Filter>
    </ClCompile>
    <ClCompile Include="Enemy.cpp">
      <Filter>SampleGame\Source</Filter>
    </ClCompile>
    <ClCompile Include="Bullet.cpp">
      <Filter>SampleGame\Source</Filter>
    </ClCompile>
    <ClCompile Include="Actor.cpp">
      <Filter>UlmaEngine\Source</Filter>
    </ClCompile>
    <ClCompile Include="Collider.cpp">
      <Filter>UlmaEngine\Source</Filter>
    </ClCompile>
    <ClCompile Include="Collision.cpp">
      <Filter>UlmaEngine\Source</Filter>
    </ClCompile>
    <ClCompile Include="Transform.cpp">
      <Filter>UlmaEngine\Source</Filter>
    </ClCompile>
    <ClCompile Include="SpriteComponent.cpp">
      <Filter>UlmaEngine\Source</Filter>
    </ClCompile>
    <ClCompile Include="Component.cpp">
      <Filter>UlmaEngine\Source</Filter>
    </ClCompile>
    <ClCompile Include="Ground.cpp">
      <Filter>SampleGame\Source</Filter>
    </ClCompile>
    <ClCompile Include="Rigidbody2D.cpp">
      <Filter>UlmaEngine\Source</Filter>
    </ClCompile>
    <ClCompile Include="ServiceLocator.cpp">
      <Filter>UlmaEngine\Source</Filter>
    </ClCompile>
    <ClCompile Include="Animation.cpp">
      <Filter>UlmaEngine\Source</Filter>
    </ClCompile>
    <ClCompile Include="Animator.cpp">
      <Filter>UlmaEngine\Source</Filter>
    </ClCompile>
    <ClCompile Include="TitleManager.cpp">
      <Filter>SampleGame\Source</Filter>
    </ClCompile>
    <ClCompile Include="GameOverManager.cpp">
      <Filter>SampleGame\Source</Filter>
    </ClCompile>
    <ClCompile Include="GameOverScene.cpp">
      <Filter>SampleGame\Source\Scene</Filter>
    </ClCompile>
    <ClCompile Include="TitleScene.cpp">
      <Filter>SampleGame\Source\Scene</Filter>
    </ClCompile>
    <ClCompile Include="Stage01Scene.cpp">
      <Filter>SampleGame\Source\Scene</Filter>
    </ClCompile>
    <ClCompile Include="GameClearScene.cpp">
      <Filter>SampleGame\Source\Scene</Filter>
    </ClCompile>
    <ClCompile Include="GameClearManager.cpp">
      <Filter>SampleGame\Source</Filter>
    </ClCompile>
    <ClCompile Include="InputProviderOpenGL.cpp">
      <Filter>UlmaEngine\Source\InputSystem</Filter>
    </ClCompile>
    <ClCompile Include="Wall.cpp">
      <Filter>SampleGame\Source</Filter>
    </ClCompile>
    <ClCompile Include="Background.cpp">
      <Filter>SampleGame\Source</Filter>
    </ClCompile>
    <ClCompile Include="TileMap.cpp">
      <Filter>UlmaEngine\Source</Filter>
    </ClCompile>
    <ClCompile Include="Shooter.cpp">
      <Filter>SampleGame\Source</Filter>
    </ClCompile>
    <ClCompile Include="MovableTower.cpp">
      <Filter>SampleGame\Source</Filter>
    </ClCompile>
  </ItemGroup>
  <ItemGroup>
    <ClInclude Include="ApplicationCore.h">
      <Filter>UlmaEngine\Header\Core</Filter>
    </ClInclude>
    <ClInclude Include="IApplicationCore.h">
      <Filter>UlmaEngine\Header\Core</Filter>
    </ClInclude>
    <ClInclude Include="ISceneManager.h">
      <Filter>UlmaEngine\Header\SceneManagement</Filter>
    </ClInclude>
    <ClInclude Include="SceneManager.h">
      <Filter>UlmaEngine\Header\SceneManagement</Filter>
    </ClInclude>
    <ClInclude Include="IWindow.h">
      <Filter>UlmaEngine\Header\Core</Filter>
    </ClInclude>
    <ClInclude Include="WindowOpenGL.h">
      <Filter>UlmaEngine\Header\Core</Filter>
    </ClInclude>
    <ClInclude Include="Scene.h">
      <Filter>UlmaEngine\Header\SceneManagement</Filter>
    </ClInclude>
    <ClInclude Include="Vector.h">
      <Filter>UlmaEngine\Header\Math</Filter>
    </ClInclude>
    <ClInclude Include="ShaderLoaderOpenGL.h">
      <Filter>UlmaEngine\Header\Core</Filter>
    </ClInclude>
    <ClInclude Include="Matrix.h">
      <Filter>UlmaEngine\Header\Math</Filter>
    </ClInclude>
    <ClInclude Include="MathExt.h">
      <Filter>UlmaEngine\Header\Math</Filter>
    </ClInclude>
    <ClInclude Include="Math.h">
      <Filter>UlmaEngine\Header\Math</Filter>
    </ClInclude>
    <ClInclude Include="Texture.h">
      <Filter>UlmaEngine\Header\Core</Filter>
    </ClInclude>
    <ClInclude Include="FileLoader.h">
      <Filter>UlmaEngine\Header\Core</Filter>
    </ClInclude>
    <ClInclude Include="stb_image.h">
      <Filter>UlmaEngine\Header\Core</Filter>
    </ClInclude>
    <ClInclude Include="TextureProvider.h">
      <Filter>UlmaEngine\Header\Core</Filter>
    </ClInclude>
    <ClInclude Include="Vector2.h">
      <Filter>UlmaEngine\Header\Math</Filter>
    </ClInclude>
    <ClInclude Include="Vector3.h">
      <Filter>UlmaEngine\Header\Math</Filter>
    </ClInclude>
    <ClInclude Include="resource.h">
      <Filter>UlmaEngine\Header</Filter>
    </ClInclude>
    <ClInclude Include="Enemy.h">
      <Filter>SampleGame\Header</Filter>
    </ClInclude>
    <ClInclude Include="Player.h">
      <Filter>SampleGame\Header</Filter>
    </ClInclude>
    <ClInclude Include="SceneList.h">
      <Filter>UlmaEngine\Header\SceneManagement</Filter>
    </ClInclude>
    <ClInclude Include="Bullet.h">
      <Filter>SampleGame\Header</Filter>
    </ClInclude>
    <ClInclude Include="UlmaEngine.h">
      <Filter>UlmaEngine\Header</Filter>
    </ClInclude>
    <ClInclude Include="Actor.h">
      <Filter>UlmaEngine\Header</Filter>
    </ClInclude>
    <ClInclude Include="Transform.h">
      <Filter>UlmaEngine\Header</Filter>
    </ClInclude>
    <ClInclude Include="Collision.h">
      <Filter>UlmaEngine\Header</Filter>
    </ClInclude>
    <ClInclude Include="Component.h">
      <Filter>UlmaEngine\Header</Filter>
    </ClInclude>
    <ClInclude Include="SpriteComponent.h">
      <Filter>UlmaEngine\Header</Filter>
    </ClInclude>
    <ClInclude Include="SpriteType.h">
      <Filter>UlmaEngine\Header</Filter>
    </ClInclude>
    <ClInclude Include="Collider.h">
      <Filter>UlmaEngine\Header</Filter>
    </ClInclude>
    <ClInclude Include="Debug.h">
      <Filter>UlmaEngine\Header</Filter>
    </ClInclude>
    <ClInclude Include="Singleton.h">
      <Filter>UlmaEngine\Header</Filter>
    </ClInclude>
    <ClInclude Include="Ground.h">
      <Filter>SampleGame\Header</Filter>
    </ClInclude>
    <ClInclude Include="Rigidbody2D.h">
      <Filter>UlmaEngine\Header</Filter>
    </ClInclude>
    <ClInclude Include="ServiceLocator.h">
      <Filter>UlmaEngine\Header</Filter>
    </ClInclude>
    <ClInclude Include="Animation.h">
      <Filter>UlmaEngine\Header</Filter>
    </ClInclude>
    <ClInclude Include="Animator.h">
      <Filter>UlmaEngine\Header</Filter>
    </ClInclude>
    <ClInclude Include="TitleManager.h">
      <Filter>SampleGame\Header</Filter>
    </ClInclude>
    <ClInclude Include="Font.h">
      <Filter>UlmaEngine\Header\Core</Filter>
    </ClInclude>
    <ClInclude Include="GameOverManager.h">
      <Filter>SampleGame\Header</Filter>
    </ClInclude>
    <ClInclude Include="TitleScene.h">
      <Filter>SampleGame\Header\Scene</Filter>
    </ClInclude>
    <ClInclude Include="Stage01Scene.h">
      <Filter>SampleGame\Header\Scene</Filter>
    </ClInclude>
    <ClInclude Include="GameOverScene.h">
      <Filter>SampleGame\Header\Scene</Filter>
    </ClInclude>
    <ClInclude Include="GameClearScene.h">
      <Filter>SampleGame\Header\Scene</Filter>
    </ClInclude>
    <ClInclude Include="GameClearManager.h">
      <Filter>SampleGame\Header</Filter>
    </ClInclude>
    <ClInclude Include="InputProviderOpenGL.h">
      <Filter>UlmaEngine\Header\InputSystem</Filter>
    </ClInclude>
    <ClInclude Include="IInputProvider.h">
      <Filter>UlmaEngine\Header\InputSystem</Filter>
    </ClInclude>
    <ClInclude Include="Wall.h">
      <Filter>SampleGame\Header</Filter>
    </ClInclude>
    <ClInclude Include="TileMap.h">
      <Filter>UlmaEngine\Header</Filter>
    </ClInclude>
    <ClInclude Include="Background.h">
      <Filter>SampleGame\Header</Filter>
    </ClInclude>
    <ClInclude Include="Shooter.h">
      <Filter>SampleGame\Header</Filter>
    </ClInclude>
    <ClInclude Include="MovableTower.h">
      <Filter>SampleGame\Header</Filter>
    </ClInclude>
  </ItemGroup>
  <ItemGroup>
    <ResourceCompile Include="UlmaGame.rc">
      <Filter>リソース ファイル</Filter>
    </ResourceCompile>
  </ItemGroup>
  <ItemGroup>
    <None Include="unlit.frag">
      <Filter>UlmaEngine\Source\Shader</Filter>
    </None>
    <None Include="unlit.vert">
      <Filter>UlmaEngine\Source\Shader</Filter>
    </None>
    <None Include="sprite.vert">
      <Filter>UlmaEngine\Source\Shader</Filter>
    </None>
    <None Include="sprite.frag">
      <Filter>UlmaEngine\Source\Shader</Filter>
    </None>
    <None Include="packages.config" />
  </ItemGroup>
</Project>