<?xml version="1.0" encoding="utf-8"?>
<Project ToolsVersion="4.0" xmlns="http://schemas.microsoft.com/developer/msbuild/2003">
  <ItemGroup>
    <Filter Include="ソース ファイル">
      <UniqueIdentifier>{4FC737F1-C7A5-4376-A066-2A32D752A2FF}</UniqueIdentifier>
      <Extensions>cpp;c;cc;cxx;def;odl;idl;hpj;bat;asm;asmx</Extensions>
    </Filter>
    <Filter Include="ヘッダー ファイル">
      <UniqueIdentifier>{93995380-89BD-4b04-88EB-625FBE52EBFB}</UniqueIdentifier>
      <Extensions>h;hh;hpp;hxx;hm;inl;inc;ipp;xsd</Extensions>
    </Filter>
    <Filter Include="リソース ファイル">
      <UniqueIdentifier>{67DA6AB6-F800-4c08-8B7A-83BB121AAD01}</UniqueIdentifier>
      <Extensions>rc;ico;cur;bmp;dlg;rc2;rct;bin;rgs;gif;jpg;jpeg;jpe;resx;tiff;tif;png;wav;mfcribbon-ms</Extensions>
    </Filter>
    <Filter Include="ヘッダー ファイル\System">
      <UniqueIdentifier>{be51d7d2-1b27-4adc-8935-5f05440c9245}</UniqueIdentifier>
    </Filter>
    <Filter Include="ヘッダー ファイル\System\Core">
      <UniqueIdentifier>{3298f5e7-af29-446c-82c2-cb9e0e3c8a69}</UniqueIdentifier>
    </Filter>
    <Filter Include="ヘッダー ファイル\System\SceneManagement">
      <UniqueIdentifier>{9da47c53-688c-4133-b2f4-8645d2443117}</UniqueIdentifier>
    </Filter>
    <Filter Include="ヘッダー ファイル\Game">
      <UniqueIdentifier>{22709b76-22a6-45b9-8e6f-79cf8377fe0a}</UniqueIdentifier>
    </Filter>
    <Filter Include="ヘッダー ファイル\General">
      <UniqueIdentifier>{80b48af2-172c-4f79-94f6-baa3e704bdcf}</UniqueIdentifier>
    </Filter>
    <Filter Include="ソース ファイル\System">
      <UniqueIdentifier>{de8353a7-2d6d-4c4c-a569-5176de9b3c11}</UniqueIdentifier>
    </Filter>
    <Filter Include="ソース ファイル\Game">
      <UniqueIdentifier>{9650c5c3-8554-42d6-9874-de6beaca86b9}</UniqueIdentifier>
    </Filter>
    <Filter Include="ソース ファイル\System\Core">
      <UniqueIdentifier>{659194c1-3d93-465f-8652-41009d1fc963}</UniqueIdentifier>
    </Filter>
    <Filter Include="ソース ファイル\System\SceneManagement">
      <UniqueIdentifier>{4b8dce04-5d27-4755-8d29-2c372c989a8a}</UniqueIdentifier>
    </Filter>
    <Filter Include="ソース ファイル\Shader">
      <UniqueIdentifier>{66e26412-9d83-424d-9540-3939f7fdffb4}</UniqueIdentifier>
    </Filter>
    <Filter Include="ヘッダー ファイル\Math">
      <UniqueIdentifier>{bc0d0f2e-e005-427d-a6d0-d5e5e1855fa3}</UniqueIdentifier>
    </Filter>
    <Filter Include="ソース ファイル\Math">
      <UniqueIdentifier>{d8b02766-3db1-438c-9fc8-1addca995400}</UniqueIdentifier>
    </Filter>
    <Filter Include="ソース ファイル\Game\Core">
      <UniqueIdentifier>{95c9227e-9bc4-4d77-b06b-9d751cc75d3a}</UniqueIdentifier>
    </Filter>
    <Filter Include="ヘッダー ファイル\Game\Core">
      <UniqueIdentifier>{6ad808a8-f9ee-4175-8a24-777c8119817c}</UniqueIdentifier>
    </Filter>
  </ItemGroup>
  <ItemGroup>
    <ClCompile Include="main.cpp">
      <Filter>ソース ファイル</Filter>
    </ClCompile>
    <ClCompile Include="ApplicationCore.cpp">
      <Filter>ソース ファイル\System\Core</Filter>
    </ClCompile>
    <ClCompile Include="SceneManager.cpp">
      <Filter>ソース ファイル\System\SceneManagement</Filter>
    </ClCompile>
    <ClCompile Include="WindowOpenGL.cpp">
      <Filter>ソース ファイル\System\Core</Filter>
    </ClCompile>
    <ClCompile Include="Scene.cpp">
      <Filter>ソース ファイル\System\SceneManagement</Filter>
    </ClCompile>
    <ClCompile Include="Player.cpp">
      <Filter>ソース ファイル\Game</Filter>
    </ClCompile>
    <ClCompile Include="InputManagerOpenGL.cpp">
      <Filter>ソース ファイル\System\Core</Filter>
    </ClCompile>
    <ClCompile Include="Vector.cpp">
      <Filter>ソース ファイル\Math</Filter>
    </ClCompile>
    <ClCompile Include="Actor.cpp">
      <Filter>ソース ファイル\Game\Core</Filter>
    </ClCompile>
    <ClCompile Include="Component.cpp">
      <Filter>ソース ファイル\Game\Core</Filter>
    </ClCompile>
    <ClCompile Include="Transform.cpp">
      <Filter>ソース ファイル\Game\Core</Filter>
    </ClCompile>
    <ClCompile Include="ShaderLoaderOpenGL.cpp">
      <Filter>ソース ファイル\System\Core</Filter>
    </ClCompile>
    <ClCompile Include="SpriteComponent.cpp">
      <Filter>ソース ファイル\Game\Core</Filter>
    </ClCompile>
    <ClCompile Include="Matrix.cpp">
      <Filter>ソース ファイル\Math</Filter>
    </ClCompile>
    <ClCompile Include="Texture.cpp">
      <Filter>ソース ファイル\System\Core</Filter>
    </ClCompile>
    <ClCompile Include="FileLoader.cpp">
      <Filter>ソース ファイル\System\Core</Filter>
    </ClCompile>
    <ClCompile Include="TextureProvider.cpp">
      <Filter>ソース ファイル\System\Core</Filter>
    </ClCompile>
  </ItemGroup>
  <ItemGroup>
    <ClInclude Include="ApplicationCore.h">
      <Filter>ヘッダー ファイル\System\Core</Filter>
    </ClInclude>
    <ClInclude Include="IApplicationCore.h">
      <Filter>ヘッダー ファイル\System\Core</Filter>
    </ClInclude>
    <ClInclude Include="ISceneManager.h">
      <Filter>ヘッダー ファイル\System\SceneManagement</Filter>
    </ClInclude>
    <ClInclude Include="SceneList.h">
      <Filter>ヘッダー ファイル\Game</Filter>
    </ClInclude>
    <ClInclude Include="SceneManager.h">
      <Filter>ヘッダー ファイル\System\SceneManagement</Filter>
    </ClInclude>
    <ClInclude Include="Singleton.h">
      <Filter>ヘッダー ファイル\General</Filter>
    </ClInclude>
    <ClInclude Include="IWindow.h">
      <Filter>ヘッダー ファイル\System\Core</Filter>
    </ClInclude>
    <ClInclude Include="WindowOpenGL.h">
      <Filter>ヘッダー ファイル\System\Core</Filter>
    </ClInclude>
    <ClInclude Include="Scene.h">
      <Filter>ヘッダー ファイル\System\SceneManagement</Filter>
    </ClInclude>
    <ClInclude Include="Player.h">
      <Filter>ヘッダー ファイル\Game</Filter>
    </ClInclude>
    <ClInclude Include="Debug.h">
      <Filter>ヘッダー ファイル\System</Filter>
    </ClInclude>
    <ClInclude Include="resource.h">
      <Filter>ヘッダー ファイル</Filter>
    </ClInclude>
    <ClInclude Include="IInputManager.h">
      <Filter>ヘッダー ファイル\System\Core</Filter>
    </ClInclude>
    <ClInclude Include="InputManagerOpenGL.h">
      <Filter>ヘッダー ファイル\System\Core</Filter>
    </ClInclude>
    <ClInclude Include="Triangle.h">
      <Filter>ヘッダー ファイル\Game</Filter>
    </ClInclude>
    <ClInclude Include="Vector.h">
      <Filter>ヘッダー ファイル\Math</Filter>
    </ClInclude>
    <ClInclude Include="Transform.h">
      <Filter>ヘッダー ファイル\Game\Core</Filter>
    </ClInclude>
    <ClInclude Include="Actor.h">
      <Filter>ヘッダー ファイル\Game\Core</Filter>
    </ClInclude>
    <ClInclude Include="Component.h">
      <Filter>ヘッダー ファイル\Game\Core</Filter>
    </ClInclude>
    <ClInclude Include="SpriteComponent.h">
      <Filter>ヘッダー ファイル\Game\Core</Filter>
    </ClInclude>
    <ClInclude Include="SpriteType.h">
      <Filter>ヘッダー ファイル\Game\Core</Filter>
    </ClInclude>
    <ClInclude Include="ShaderLoaderOpenGL.h">
      <Filter>ヘッダー ファイル\System\Core</Filter>
    </ClInclude>
    <ClInclude Include="Matrix.h">
      <Filter>ヘッダー ファイル\Math</Filter>
    </ClInclude>
    <ClInclude Include="MathExt.h">
      <Filter>ヘッダー ファイル\Math</Filter>
    </ClInclude>
    <ClInclude Include="Math.h">
      <Filter>ヘッダー ファイル\Math</Filter>
    </ClInclude>
    <ClInclude Include="Texture.h">
      <Filter>ヘッダー ファイル\System\Core</Filter>
    </ClInclude>
    <ClInclude Include="FileLoader.h">
      <Filter>ヘッダー ファイル\System\Core</Filter>
    </ClInclude>
    <ClInclude Include="stb_image.h">
      <Filter>ヘッダー ファイル\System\Core</Filter>
    </ClInclude>
    <ClInclude Include="TextureProvider.h">
      <Filter>ヘッダー ファイル\System\Core</Filter>
    </ClInclude>
  </ItemGroup>
  <ItemGroup>
    <ResourceCompile Include="UlmaGame.rc">
      <Filter>リソース ファイル</Filter>
    </ResourceCompile>
  </ItemGroup>
  <ItemGroup>
    <None Include="unlit.frag">
      <Filter>ソース ファイル\Shader</Filter>
    </None>
    <None Include="unlit.vert">
      <Filter>ソース ファイル\Shader</Filter>
    </None>
    <None Include="sprite.vert">
      <Filter>ソース ファイル\Shader</Filter>
    </None>
    <None Include="sprite.frag">
      <Filter>ソース ファイル\Shader</Filter>
    </None>
    <None Include="packages.config" />
  </ItemGroup>
</Project>